// !$*UTF8*$!
{
	archiveVersion = 1;
	classes = {
	};
	objectVersion = 46;
	objects = {

/* Begin PBXBuildFile section */
		D5A8311A19D25F9600BB2D00 /* main.m in Sources */ = {isa = PBXBuildFile; fileRef = D5A8311919D25F9600BB2D00 /* main.m */; };
		D5A8311D19D25F9600BB2D00 /* AppDelegate.m in Sources */ = {isa = PBXBuildFile; fileRef = D5A8311C19D25F9600BB2D00 /* AppDelegate.m */; };
		D5A8312019D25F9600BB2D00 /* ViewController.m in Sources */ = {isa = PBXBuildFile; fileRef = D5A8311F19D25F9600BB2D00 /* ViewController.m */; };
		D5A8312319D25F9600BB2D00 /* Main.storyboard in Resources */ = {isa = PBXBuildFile; fileRef = D5A8312119D25F9600BB2D00 /* Main.storyboard */; };
		D5A8312519D25F9600BB2D00 /* Images.xcassets in Resources */ = {isa = PBXBuildFile; fileRef = D5A8312419D25F9600BB2D00 /* Images.xcassets */; };
		D5A8312819D25F9600BB2D00 /* LaunchScreen.xib in Resources */ = {isa = PBXBuildFile; fileRef = D5A8312619D25F9600BB2D00 /* LaunchScreen.xib */; };
		D5A8313419D25F9600BB2D00 /* Hello_PENSTests.m in Sources */ = {isa = PBXBuildFile; fileRef = D5A8313319D25F9600BB2D00 /* Hello_PENSTests.m */; };
/* End PBXBuildFile section */

/* Begin PBXContainerItemProxy section */
		D5A8312E19D25F9600BB2D00 /* PBXContainerItemProxy */ = {
			isa = PBXContainerItemProxy;
			containerPortal = D5A8310C19D25F9600BB2D00 /* Project object */;
			proxyType = 1;
			remoteGlobalIDString = D5A8311319D25F9600BB2D00;
			remoteInfo = "Hello-PENS";
		};
/* End PBXContainerItemProxy section */

/* Begin PBXFileReference section */
		D5A8311419D25F9600BB2D00 /* Hello-PENS.app */ = {isa = PBXFileReference; explicitFileType = wrapper.application; includeInIndex = 0; path = "Hello-PENS.app"; sourceTree = BUILT_PRODUCTS_DIR; };
		D5A8311819D25F9600BB2D00 /* Info.plist */ = {isa = PBXFileReference; lastKnownFileType = text.plist.xml; path = Info.plist; sourceTree = "<group>"; };
		D5A8311919D25F9600BB2D00 /* main.m */ = {isa = PBXFileReference; lastKnownFileType = sourcecode.c.objc; path = main.m; sourceTree = "<group>"; };
		D5A8311B19D25F9600BB2D00 /* AppDelegate.h */ = {isa = PBXFileReference; lastKnownFileType = sourcecode.c.h; path = AppDelegate.h; sourceTree = "<group>"; };
		D5A8311C19D25F9600BB2D00 /* AppDelegate.m */ = {isa = PBXFileReference; lastKnownFileType = sourcecode.c.objc; path = AppDelegate.m; sourceTree = "<group>"; };
		D5A8311E19D25F9600BB2D00 /* ViewController.h */ = {isa = PBXFileReference; lastKnownFileType = sourcecode.c.h; path = ViewController.h; sourceTree = "<group>"; };
		D5A8311F19D25F9600BB2D00 /* ViewController.m */ = {isa = PBXFileReference; lastKnownFileType = sourcecode.c.objc; path = ViewController.m; sourceTree = "<group>"; };
		D5A8312219D25F9600BB2D00 /* Base */ = {isa = PBXFileReference; lastKnownFileType = file.storyboard; name = Base; path = Base.lproj/Main.storyboard; sourceTree = "<group>"; };
		D5A8312419D25F9600BB2D00 /* Images.xcassets */ = {isa = PBXFileReference; lastKnownFileType = folder.assetcatalog; path = Images.xcassets; sourceTree = "<group>"; };
		D5A8312719D25F9600BB2D00 /* Base */ = {isa = PBXFileReference; lastKnownFileType = file.xib; name = Base; path = Base.lproj/LaunchScreen.xib; sourceTree = "<group>"; };
		D5A8312D19D25F9600BB2D00 /* Hello-PENSTests.xctest */ = {isa = PBXFileReference; explicitFileType = wrapper.cfbundle; includeInIndex = 0; path = "Hello-PENSTests.xctest"; sourceTree = BUILT_PRODUCTS_DIR; };
		D5A8313219D25F9600BB2D00 /* Info.plist */ = {isa = PBXFileReference; lastKnownFileType = text.plist.xml; path = Info.plist; sourceTree = "<group>"; };
		D5A8313319D25F9600BB2D00 /* Hello_PENSTests.m */ = {isa = PBXFileReference; lastKnownFileType = sourcecode.c.objc; path = Hello_PENSTests.m; sourceTree = "<group>"; };
/* End PBXFileReference section */

/* Begin PBXFrameworksBuildPhase section */
		D5A8311119D25F9600BB2D00 /* Frameworks */ = {
			isa = PBXFrameworksBuildPhase;
			buildActionMask = 2147483647;
			files = (
			);
			runOnlyForDeploymentPostprocessing = 0;
		};
		D5A8312A19D25F9600BB2D00 /* Frameworks */ = {
			isa = PBXFrameworksBuildPhase;
			buildActionMask = 2147483647;
			files = (
			);
			runOnlyForDeploymentPostprocessing = 0;
		};
/* End PBXFrameworksBuildPhase section */

/* Begin PBXGroup section */
		D5A8310B19D25F9600BB2D00 = {
			isa = PBXGroup;
			children = (
				D5A8311619D25F9600BB2D00 /* Hello-PENS */,
				D5A8313019D25F9600BB2D00 /* Hello-PENSTests */,
				D5A8311519D25F9600BB2D00 /* Products */,
			);
			sourceTree = "<group>";
		};
		D5A8311519D25F9600BB2D00 /* Products */ = {
			isa = PBXGroup;
			children = (
				D5A8311419D25F9600BB2D00 /* Hello-PENS.app */,
				D5A8312D19D25F9600BB2D00 /* Hello-PENSTests.xctest */,
			);
			name = Products;
			sourceTree = "<group>";
		};
		D5A8311619D25F9600BB2D00 /* Hello-PENS */ = {
			isa = PBXGroup;
			children = (
				D5A8311B19D25F9600BB2D00 /* AppDelegate.h */,
				D5A8311C19D25F9600BB2D00 /* AppDelegate.m */,
				D5A8311E19D25F9600BB2D00 /* ViewController.h */,
				D5A8311F19D25F9600BB2D00 /* ViewController.m */,
				D5A8312119D25F9600BB2D00 /* Main.storyboard */,
				D5A8312419D25F9600BB2D00 /* Images.xcassets */,
				D5A8312619D25F9600BB2D00 /* LaunchScreen.xib */,
				D5A8311719D25F9600BB2D00 /* Supporting Files */,
			);
			path = "Hello-PENS";
			sourceTree = "<group>";
		};
		D5A8311719D25F9600BB2D00 /* Supporting Files */ = {
			isa = PBXGroup;
			children = (
				D5A8311819D25F9600BB2D00 /* Info.plist */,
				D5A8311919D25F9600BB2D00 /* main.m */,
			);
			name = "Supporting Files";
			sourceTree = "<group>";
		};
		D5A8313019D25F9600BB2D00 /* Hello-PENSTests */ = {
			isa = PBXGroup;
			children = (
				D5A8313319D25F9600BB2D00 /* Hello_PENSTests.m */,
				D5A8313119D25F9600BB2D00 /* Supporting Files */,
			);
			path = "Hello-PENSTests";
			sourceTree = "<group>";
		};
		D5A8313119D25F9600BB2D00 /* Supporting Files */ = {
			isa = PBXGroup;
			children = (
				D5A8313219D25F9600BB2D00 /* Info.plist */,
			);
			name = "Supporting Files";
			sourceTree = "<group>";
		};
/* End PBXGroup section */

/* Begin PBXNativeTarget section */
		D5A8311319D25F9600BB2D00 /* Hello-PENS */ = {
			isa = PBXNativeTarget;
			buildConfigurationList = D5A8313719D25F9700BB2D00 /* Build configuration list for PBXNativeTarget "Hello-PENS" */;
			buildPhases = (
				D5A8311019D25F9600BB2D00 /* Sources */,
				D5A8311119D25F9600BB2D00 /* Frameworks */,
				D5A8311219D25F9600BB2D00 /* Resources */,
			);
			buildRules = (
			);
			dependencies = (
			);
			name = "Hello-PENS";
			productName = "Hello-PENS";
			productReference = D5A8311419D25F9600BB2D00 /* Hello-PENS.app */;
			productType = "com.apple.product-type.application";
		};
		D5A8312C19D25F9600BB2D00 /* Hello-PENSTests */ = {
			isa = PBXNativeTarget;
			buildConfigurationList = D5A8313A19D25F9700BB2D00 /* Build configuration list for PBXNativeTarget "Hello-PENSTests" */;
			buildPhases = (
				D5A8312919D25F9600BB2D00 /* Sources */,
				D5A8312A19D25F9600BB2D00 /* Frameworks */,
				D5A8312B19D25F9600BB2D00 /* Resources */,
			);
			buildRules = (
			);
			dependencies = (
				D5A8312F19D25F9600BB2D00 /* PBXTargetDependency */,
			);
			name = "Hello-PENSTests";
			productName = "Hello-PENSTests";
			productReference = D5A8312D19D25F9600BB2D00 /* Hello-PENSTests.xctest */;
			productType = "com.apple.product-type.bundle.unit-test";
		};
/* End PBXNativeTarget section */

/* Begin PBXProject section */
		D5A8310C19D25F9600BB2D00 /* Project object */ = {
			isa = PBXProject;
			attributes = {
				LastUpgradeCheck = 0600;
				ORGANIZATIONNAME = Eyro;
				TargetAttributes = {
					D5A8311319D25F9600BB2D00 = {
						CreatedOnToolsVersion = 6.0;
					};
					D5A8312C19D25F9600BB2D00 = {
						CreatedOnToolsVersion = 6.0;
						TestTargetID = D5A8311319D25F9600BB2D00;
					};
				};
			};
			buildConfigurationList = D5A8310F19D25F9600BB2D00 /* Build configuration list for PBXProject "Hello-PENS" */;
			compatibilityVersion = "Xcode 3.2";
			developmentRegion = English;
			hasScannedForEncodings = 0;
			knownRegions = (
				en,
				Base,
			);
			mainGroup = D5A8310B19D25F9600BB2D00;
			productRefGroup = D5A8311519D25F9600BB2D00 /* Products */;
			projectDirPath = "";
			projectRoot = "";
			targets = (
				D5A8311319D25F9600BB2D00 /* Hello-PENS */,
				D5A8312C19D25F9600BB2D00 /* Hello-PENSTests */,
			);
		};
/* End PBXProject section */

/* Begin PBXResourcesBuildPhase section */
		D5A8311219D25F9600BB2D00 /* Resources */ = {
			isa = PBXResourcesBuildPhase;
			buildActionMask = 2147483647;
			files = (
				D5A8312319D25F9600BB2D00 /* Main.storyboard in Resources */,
				D5A8312819D25F9600BB2D00 /* LaunchScreen.xib in Resources */,
				D5A8312519D25F9600BB2D00 /* Images.xcassets in Resources */,
			);
			runOnlyForDeploymentPostprocessing = 0;
		};
		D5A8312B19D25F9600BB2D00 /* Resources */ = {
			isa = PBXResourcesBuildPhase;
			buildActionMask = 2147483647;
			files = (
			);
			runOnlyForDeploymentPostprocessing = 0;
		};
/* End PBXResourcesBuildPhase section */

/* Begin PBXSourcesBuildPhase section */
		D5A8311019D25F9600BB2D00 /* Sources */ = {
			isa = PBXSourcesBuildPhase;
			buildActionMask = 2147483647;
			files = (
				D5A8312019D25F9600BB2D00 /* ViewController.m in Sources */,
				D5A8311D19D25F9600BB2D00 /* AppDelegate.m in Sources */,
				D5A8311A19D25F9600BB2D00 /* main.m in Sources */,
			);
			runOnlyForDeploymentPostprocessing = 0;
		};
		D5A8312919D25F9600BB2D00 /* Sources */ = {
			isa = PBXSourcesBuildPhase;
			buildActionMask = 2147483647;
			files = (
				D5A8313419D25F9600BB2D00 /* Hello_PENSTests.m in Sources */,
			);
			runOnlyForDeploymentPostprocessing = 0;
		};
/* End PBXSourcesBuildPhase section */

/* Begin PBXTargetDependency section */
		D5A8312F19D25F9600BB2D00 /* PBXTargetDependency */ = {
			isa = PBXTargetDependency;
			target = D5A8311319D25F9600BB2D00 /* Hello-PENS */;
			targetProxy = D5A8312E19D25F9600BB2D00 /* PBXContainerItemProxy */;
		};
/* End PBXTargetDependency section */

/* Begin PBXVariantGroup section */
		D5A8312119D25F9600BB2D00 /* Main.storyboard */ = {
			isa = PBXVariantGroup;
			children = (
				D5A8312219D25F9600BB2D00 /* Base */,
			);
			name = Main.storyboard;
			sourceTree = "<group>";
		};
		D5A8312619D25F9600BB2D00 /* LaunchScreen.xib */ = {
			isa = PBXVariantGroup;
			children = (
				D5A8312719D25F9600BB2D00 /* Base */,
			);
			name = LaunchScreen.xib;
			sourceTree = "<group>";
		};
/* End PBXVariantGroup section */

/* Begin XCBuildConfiguration section */
		D5A8313519D25F9600BB2D00 /* Debug */ = {
			isa = XCBuildConfiguration;
			buildSettings = {
				ALWAYS_SEARCH_USER_PATHS = NO;
				CLANG_CXX_LANGUAGE_STANDARD = "gnu++0x";
				CLANG_CXX_LIBRARY = "libc++";
				CLANG_ENABLE_MODULES = YES;
				CLANG_ENABLE_OBJC_ARC = YES;
				CLANG_WARN_BOOL_CONVERSION = YES;
				CLANG_WARN_CONSTANT_CONVERSION = YES;
				CLANG_WARN_DIRECT_OBJC_ISA_USAGE = YES_ERROR;
				CLANG_WARN_EMPTY_BODY = YES;
				CLANG_WARN_ENUM_CONVERSION = YES;
				CLANG_WARN_INT_CONVERSION = YES;
				CLANG_WARN_OBJC_ROOT_CLASS = YES_ERROR;
				CLANG_WARN_UNREACHABLE_CODE = YES;
				CLANG_WARN__DUPLICATE_METHOD_MATCH = YES;
				"CODE_SIGN_IDENTITY[sdk=iphoneos*]" = "iPhone Developer";
				COPY_PHASE_STRIP = NO;
				ENABLE_STRICT_OBJC_MSGSEND = YES;
				GCC_C_LANGUAGE_STANDARD = gnu99;
				GCC_DYNAMIC_NO_PIC = NO;
				GCC_OPTIMIZATION_LEVEL = 0;
				GCC_PREPROCESSOR_DEFINITIONS = (
					"DEBUG=1",
					"$(inherited)",
				);
				GCC_SYMBOLS_PRIVATE_EXTERN = NO;
				GCC_WARN_64_TO_32_BIT_CONVERSION = YES;
				GCC_WARN_ABOUT_RETURN_TYPE = YES_ERROR;
				GCC_WARN_UNDECLARED_SELECTOR = YES;
				GCC_WARN_UNINITIALIZED_AUTOS = YES_AGGRESSIVE;
				GCC_WARN_UNUSED_FUNCTION = YES;
				GCC_WARN_UNUSED_VARIABLE = YES;
				IPHONEOS_DEPLOYMENT_TARGET = 8.0;
				MTL_ENABLE_DEBUG_INFO = YES;
				ONLY_ACTIVE_ARCH = YES;
				SDKROOT = iphoneos;
			};
			name = Debug;
		};
		D5A8313619D25F9700BB2D00 /* Release */ = {
			isa = XCBuildConfiguration;
			buildSettings = {
				ALWAYS_SEARCH_USER_PATHS = NO;
				CLANG_CXX_LANGUAGE_STANDARD = "gnu++0x";
				CLANG_CXX_LIBRARY = "libc++";
				CLANG_ENABLE_MODULES = YES;
				CLANG_ENABLE_OBJC_ARC = YES;
				CLANG_WARN_BOOL_CONVERSION = YES;
				CLANG_WARN_CONSTANT_CONVERSION = YES;
				CLANG_WARN_DIRECT_OBJC_ISA_USAGE = YES_ERROR;
				CLANG_WARN_EMPTY_BODY = YES;
				CLANG_WARN_ENUM_CONVERSION = YES;
				CLANG_WARN_INT_CONVERSION = YES;
				CLANG_WARN_OBJC_ROOT_CLASS = YES_ERROR;
				CLANG_WARN_UNREACHABLE_CODE = YES;
				CLANG_WARN__DUPLICATE_METHOD_MATCH = YES;
				"CODE_SIGN_IDENTITY[sdk=iphoneos*]" = "iPhone Developer";
				COPY_PHASE_STRIP = YES;
				ENABLE_NS_ASSERTIONS = NO;
				ENABLE_STRICT_OBJC_MSGSEND = YES;
				GCC_C_LANGUAGE_STANDARD = gnu99;
				GCC_WARN_64_TO_32_BIT_CONVERSION = YES;
				GCC_WARN_ABOUT_RETURN_TYPE = YES_ERROR;
				GCC_WARN_UNDECLARED_SELECTOR = YES;
				GCC_WARN_UNINITIALIZED_AUTOS = YES_AGGRESSIVE;
				GCC_WARN_UNUSED_FUNCTION = YES;
				GCC_WARN_UNUSED_VARIABLE = YES;
				IPHONEOS_DEPLOYMENT_TARGET = 8.0;
				MTL_ENABLE_DEBUG_INFO = NO;
				SDKROOT = iphoneos;
				VALIDATE_PRODUCT = YES;
			};
			name = Release;
		};
		D5A8313819D25F9700BB2D00 /* Debug */ = {
			isa = XCBuildConfiguration;
			buildSettings = {
				ASSETCATALOG_COMPILER_APPICON_NAME = AppIcon;
				INFOPLIST_FILE = "Hello-PENS/Info.plist";
				LD_RUNPATH_SEARCH_PATHS = "$(inherited) @executable_path/Frameworks";
				PRODUCT_NAME = "$(TARGET_NAME)";
			};
			name = Debug;
		};
		D5A8313919D25F9700BB2D00 /* Release */ = {
			isa = XCBuildConfiguration;
			buildSettings = {
				ASSETCATALOG_COMPILER_APPICON_NAME = AppIcon;
				INFOPLIST_FILE = "Hello-PENS/Info.plist";
				LD_RUNPATH_SEARCH_PATHS = "$(inherited) @executable_path/Frameworks";
				PRODUCT_NAME = "$(TARGET_NAME)";
			};
			name = Release;
		};
		D5A8313B19D25F9700BB2D00 /* Debug */ = {
			isa = XCBuildConfiguration;
			buildSettings = {
				BUNDLE_LOADER = "$(TEST_HOST)";
				FRAMEWORK_SEARCH_PATHS = (
					"$(SDKROOT)/Developer/Library/Frameworks",
					"$(inherited)",
				);
				GCC_PREPROCESSOR_DEFINITIONS = (
					"DEBUG=1",
					"$(inherited)",
				);
				INFOPLIST_FILE = "Hello-PENSTests/Info.plist";
				LD_RUNPATH_SEARCH_PATHS = "$(inherited) @executable_path/Frameworks @loader_path/Frameworks";
				PRODUCT_NAME = "$(TARGET_NAME)";
				TEST_HOST = "$(BUILT_PRODUCTS_DIR)/Hello-PENS.app/Hello-PENS";
			};
			name = Debug;
		};
		D5A8313C19D25F9700BB2D00 /* Release */ = {
			isa = XCBuildConfiguration;
			buildSettings = {
				BUNDLE_LOADER = "$(TEST_HOST)";
				FRAMEWORK_SEARCH_PATHS = (
					"$(SDKROOT)/Developer/Library/Frameworks",
					"$(inherited)",
				);
				INFOPLIST_FILE = "Hello-PENSTests/Info.plist";
				LD_RUNPATH_SEARCH_PATHS = "$(inherited) @executable_path/Frameworks @loader_path/Frameworks";
				PRODUCT_NAME = "$(TARGET_NAME)";
				TEST_HOST = "$(BUILT_PRODUCTS_DIR)/Hello-PENS.app/Hello-PENS";
			};
			name = Release;
		};
/* End XCBuildConfiguration section */

/* Begin XCConfigurationList section */
		D5A8310F19D25F9600BB2D00 /* Build configuration list for PBXProject "Hello-PENS" */ = {
			isa = XCConfigurationList;
			buildConfigurations = (
				D5A8313519D25F9600BB2D00 /* Debug */,
				D5A8313619D25F9700BB2D00 /* Release */,
			);
			defaultConfigurationIsVisible = 0;
			defaultConfigurationName = Release;
		};
		D5A8313719D25F9700BB2D00 /* Build configuration list for PBXNativeTarget "Hello-PENS" */ = {
			isa = XCConfigurationList;
			buildConfigurations = (
				D5A8313819D25F9700BB2D00 /* Debug */,
				D5A8313919D25F9700BB2D00 /* Release */,
			);
			defaultConfigurationIsVisible = 0;
		};
		D5A8313A19D25F9700BB2D00 /* Build configuration list for PBXNativeTarget "Hello-PENSTests" */ = {
			isa = XCConfigurationList;
			buildConfigurations = (
				D5A8313B19D25F9700BB2D00 /* Debug */,
				D5A8313C19D25F9700BB2D00 /* Release */,
			);
			defaultConfigurationIsVisible = 0;
		};
/* End XCConfigurationList section */
	};
	rootObject = D5A8310C19D25F9600BB2D00 /* Project object */;
}
